
Microsoft Visual Studio Solution File, Format Version 12.00
# Visual Studio Version 17
VisualStudioVersion = 17.5.33502.453
MinimumVisualStudioVersion = 10.0.40219.1
Project("{9A19103F-16F7-4668-BE54-9A1E7A4F7556}") = "NHLPlayoffSeasonInit", "src\NHLPlayoffSeasonInit\NHLPlayoffSeasonInit.csproj", "{1D47E318-563F-4D6C-A839-D62C41E49C25}"
EndProject
Project("{9A19103F-16F7-4668-BE54-9A1E7A4F7556}") = "NHLPlayoffSeasonInit.Tests", "test\NHLPlayoffSeasonInit.Tests\NHLPlayoffSeasonInit.Tests.csproj", "{33BE85D9-D190-4806-AB6F-2C546D45818A}"
EndProject
Global
	GlobalSection(SolutionConfigurationPlatforms) = preSolution
		Debug|Any CPU = Debug|Any CPU
		Release|Any CPU = Release|Any CPU
	EndGlobalSection
	GlobalSection(ProjectConfigurationPlatforms) = postSolution
		{1D47E318-563F-4D6C-A839-D62C41E49C25}.Debug|Any CPU.ActiveCfg = Debug|Any CPU
		{1D47E318-563F-4D6C-A839-D62C41E49C25}.Debug|Any CPU.Build.0 = Debug|Any CPU
		{1D47E318-563F-4D6C-A839-D62C41E49C25}.Release|Any CPU.ActiveCfg = Release|Any CPU
		{1D47E318-563F-4D6C-A839-D62C41E49C25}.Release|Any CPU.Build.0 = Release|Any CPU
		{33BE85D9-D190-4806-AB6F-2C546D45818A}.Debug|Any CPU.ActiveCfg = Debug|Any CPU
		{33BE85D9-D190-4806-AB6F-2C546D45818A}.Debug|Any CPU.Build.0 = Debug|Any CPU
		{33BE85D9-D190-4806-AB6F-2C546D45818A}.Release|Any CPU.ActiveCfg = Release|Any CPU
		{33BE85D9-D190-4806-AB6F-2C546D45818A}.Release|Any CPU.Build.0 = Release|Any CPU
	EndGlobalSection
	GlobalSection(SolutionProperties) = preSolution
		HideSolutionNode = FALSE
	EndGlobalSection
	GlobalSection(ExtensibilityGlobals) = postSolution
		SolutionGuid = {EF7B81E9-8C6A-49FB-A7E2-A8D7A68D927C}
	EndGlobalSection
EndGlobal
